
Microsoft Visual Studio Solution File, Format Version 12.00
# Visual Studio 2015
Project("{FAE04EC0-301F-11D3-BF4B-00C04F79EFBC}") = "RotateForUnity", "RotateForUnity.csproj", "{BE9243BF-912B-8C4E-4984-D43640DB2C19}"
EndProject
Global
	GlobalSection(SolutionConfigurationPlatforms) = preSolution
		Debug|Any CPU = Debug|Any CPU
		Release|Any CPU = Release|Any CPU
	EndGlobalSection
	GlobalSection(ProjectConfigurationPlatforms) = postSolution
		{BE9243BF-912B-8C4E-4984-D43640DB2C19}.Debug|Any CPU.ActiveCfg = Debug|Any CPU
		{BE9243BF-912B-8C4E-4984-D43640DB2C19}.Debug|Any CPU.Build.0 = Debug|Any CPU
		{BE9243BF-912B-8C4E-4984-D43640DB2C19}.Release|Any CPU.ActiveCfg = Release|Any CPU
		{BE9243BF-912B-8C4E-4984-D43640DB2C19}.Release|Any CPU.Build.0 = Release|Any CPU
	EndGlobalSection
	GlobalSection(SolutionProperties) = preSolution
		HideSolutionNode = FALSE
	EndGlobalSection
EndGlobal
